
Microsoft Visual Studio Solution File, Format Version 12.00
# Visual Studio Version 17
VisualStudioVersion = 17.14.36310.24 d17.14
MinimumVisualStudioVersion = 10.0.40219.1
Project("{FAE04EC0-301F-11D3-BF4B-00C04F79EFBC}") = "Slack.WebAPI", "Slack.WebAPI\Slack.WebAPI.csproj", "{FCC7786D-5DA3-42C3-B682-E4869947D014}"
EndProject
Global
	GlobalSection(SolutionConfigurationPlatforms) = preSolution
		Debug|Any CPU = Debug|Any CPU
		Release|Any CPU = Release|Any CPU
	EndGlobalSection
	GlobalSection(ProjectConfigurationPlatforms) = postSolution
		{FCC7786D-5DA3-42C3-B682-E4869947D014}.Debug|Any CPU.ActiveCfg = Debug|Any CPU
		{FCC7786D-5DA3-42C3-B682-E4869947D014}.Debug|Any CPU.Build.0 = Debug|Any CPU
		{FCC7786D-5DA3-42C3-B682-E4869947D014}.Release|Any CPU.ActiveCfg = Release|Any CPU
		{FCC7786D-5DA3-42C3-B682-E4869947D014}.Release|Any CPU.Build.0 = Release|Any CPU
	EndGlobalSection
	GlobalSection(SolutionProperties) = preSolution
		HideSolutionNode = FALSE
	EndGlobalSection
	GlobalSection(ExtensibilityGlobals) = postSolution
		SolutionGuid = {11FC213D-C5A5-4AE0-96DF-1CE6F5A78E20}
	EndGlobalSection
EndGlobal
